// !$*UTF8*$!
{
	archiveVersion = 1;
	classes = {
	};
	objectVersion = 56;
	objects = {

/* Begin PBXBuildFile section */
		2CBBA4D22A5D6DD400F10660 /* HybridCalisthenicsApp.swift in Sources */ = {isa = PBXBuildFile; fileRef = 2CBBA4D12A5D6DD400F10660 /* HybridCalisthenicsApp.swift */; };
		2CBBA4D42A5D6DD400F10660 /* ContentView.swift in Sources */ = {isa = PBXBuildFile; fileRef = 2CBBA4D32A5D6DD400F10660 /* ContentView.swift */; };
		2CBBA4D62A5D6DD600F10660 /* Assets.xcassets in Resources */ = {isa = PBXBuildFile; fileRef = 2CBBA4D52A5D6DD600F10660 /* Assets.xcassets */; };
		2CBBA4D92A5D6DD600F10660 /* Preview Assets.xcassets in Resources */ = {isa = PBXBuildFile; fileRef = 2CBBA4D82A5D6DD600F10660 /* Preview Assets.xcassets */; };
		2CBBA4E02A5D6DED00F10660 /* IntroView.swift in Sources */ = {isa = PBXBuildFile; fileRef = 2CBBA4DF2A5D6DED00F10660 /* IntroView.swift */; };
		2CBBA4E22A5D6E2A00F10660 /* WorkoutRoutineModel.swift in Sources */ = {isa = PBXBuildFile; fileRef = 2CBBA4E12A5D6E2A00F10660 /* WorkoutRoutineModel.swift */; };
		2CBBA4E42A5D6E5F00F10660 /* ReminderView.swift in Sources */ = {isa = PBXBuildFile; fileRef = 2CBBA4E32A5D6E5F00F10660 /* ReminderView.swift */; };
		2CBBA4E62A5D708300F10660 /* RoutineView.swift in Sources */ = {isa = PBXBuildFile; fileRef = 2CBBA4E52A5D708300F10660 /* RoutineView.swift */; };
		2CBBA4E82A5D70D800F10660 /* ExerciseRow.swift in Sources */ = {isa = PBXBuildFile; fileRef = 2CBBA4E72A5D70D800F10660 /* ExerciseRow.swift */; };
/* End PBXBuildFile section */

/* Begin PBXFileReference section */
		2CBBA4CE2A5D6DD400F10660 /* HybridCalisthenics.app */ = {isa = PBXFileReference; explicitFileType = wrapper.application; includeInIndex = 0; path = HybridCalisthenics.app; sourceTree = BUILT_PRODUCTS_DIR; };
		2CBBA4D12A5D6DD400F10660 /* HybridCalisthenicsApp.swift */ = {isa = PBXFileReference; lastKnownFileType = sourcecode.swift; path = HybridCalisthenicsApp.swift; sourceTree = "<group>"; };
		2CBBA4D32A5D6DD400F10660 /* ContentView.swift */ = {isa = PBXFileReference; lastKnownFileType = sourcecode.swift; path = ContentView.swift; sourceTree = "<group>"; };
		2CBBA4D52A5D6DD600F10660 /* Assets.xcassets */ = {isa = PBXFileReference; lastKnownFileType = folder.assetcatalog; path = Assets.xcassets; sourceTree = "<group>"; };
		2CBBA4D82A5D6DD600F10660 /* Preview Assets.xcassets */ = {isa = PBXFileReference; lastKnownFileType = folder.assetcatalog; path = "Preview Assets.xcassets"; sourceTree = "<group>"; };
		2CBBA4DF2A5D6DED00F10660 /* IntroView.swift */ = {isa = PBXFileReference; lastKnownFileType = sourcecode.swift; path = IntroView.swift; sourceTree = "<group>"; };
		2CBBA4E12A5D6E2A00F10660 /* WorkoutRoutineModel.swift */ = {isa = PBXFileReference; lastKnownFileType = sourcecode.swift; path = WorkoutRoutineModel.swift; sourceTree = "<group>"; };
		2CBBA4E32A5D6E5F00F10660 /* ReminderView.swift */ = {isa = PBXFileReference; lastKnownFileType = sourcecode.swift; path = ReminderView.swift; sourceTree = "<group>"; };
		2CBBA4E52A5D708300F10660 /* RoutineView.swift */ = {isa = PBXFileReference; lastKnownFileType = sourcecode.swift; path = RoutineView.swift; sourceTree = "<group>"; };
		2CBBA4E72A5D70D800F10660 /* ExerciseRow.swift */ = {isa = PBXFileReference; lastKnownFileType = sourcecode.swift; path = ExerciseRow.swift; sourceTree = "<group>"; };
/* End PBXFileReference section */

/* Begin PBXFrameworksBuildPhase section */
		2CBBA4CB2A5D6DD400F10660 /* Frameworks */ = {
			isa = PBXFrameworksBuildPhase;
			buildActionMask = 2147483647;
			files = (
			);
			runOnlyForDeploymentPostprocessing = 0;
		};
/* End PBXFrameworksBuildPhase section */

/* Begin PBXGroup section */
		2CBBA4C52A5D6DD400F10660 = {
			isa = PBXGroup;
			children = (
				2CBBA4D02A5D6DD400F10660 /* HybridCalisthenics */,
				2CBBA4CF2A5D6DD400F10660 /* Products */,
			);
			sourceTree = "<group>";
		};
		2CBBA4CF2A5D6DD400F10660 /* Products */ = {
			isa = PBXGroup;
			children = (
				2CBBA4CE2A5D6DD400F10660 /* HybridCalisthenics.app */,
			);
			name = Products;
			sourceTree = "<group>";
		};
		2CBBA4D02A5D6DD400F10660 /* HybridCalisthenics */ = {
			isa = PBXGroup;
			children = (
				2CBBA4D12A5D6DD400F10660 /* HybridCalisthenicsApp.swift */,
				2CBBA4D32A5D6DD400F10660 /* ContentView.swift */,
				2CBBA4DF2A5D6DED00F10660 /* IntroView.swift */,
				2CBBA4E32A5D6E5F00F10660 /* ReminderView.swift */,
				2CBBA4E52A5D708300F10660 /* RoutineView.swift */,
				2CBBA4E72A5D70D800F10660 /* ExerciseRow.swift */,
				2CBBA4E12A5D6E2A00F10660 /* WorkoutRoutineModel.swift */,
				2CBBA4D52A5D6DD600F10660 /* Assets.xcassets */,
				2CBBA4D72A5D6DD600F10660 /* Preview Content */,
			);
			path = HybridCalisthenics;
			sourceTree = "<group>";
		};
		2CBBA4D72A5D6DD600F10660 /* Preview Content */ = {
			isa = PBXGroup;
			children = (
				2CBBA4D82A5D6DD600F10660 /* Preview Assets.xcassets */,
			);
			path = "Preview Content";
			sourceTree = "<group>";
		};
/* End PBXGroup section */

/* Begin PBXNativeTarget section */
		2CBBA4CD2A5D6DD400F10660 /* HybridCalisthenics */ = {
			isa = PBXNativeTarget;
			buildConfigurationList = 2CBBA4DC2A5D6DD600F10660 /* Build configuration list for PBXNativeTarget "HybridCalisthenics" */;
			buildPhases = (
				2CBBA4CA2A5D6DD400F10660 /* Sources */,
				2CBBA4CB2A5D6DD400F10660 /* Frameworks */,
				2CBBA4CC2A5D6DD400F10660 /* Resources */,
			);
			buildRules = (
			);
			dependencies = (
			);
			name = HybridCalisthenics;
			productName = HybridCalisthenics;
			productReference = 2CBBA4CE2A5D6DD400F10660 /* HybridCalisthenics.app */;
			productType = "com.apple.product-type.application";
		};
/* End PBXNativeTarget section */

/* Begin PBXProject section */
		2CBBA4C62A5D6DD400F10660 /* Project object */ = {
			isa = PBXProject;
			attributes = {
				BuildIndependentTargetsInParallel = 1;
				LastSwiftUpdateCheck = 1430;
				LastUpgradeCheck = 1430;
				TargetAttributes = {
					2CBBA4CD2A5D6DD400F10660 = {
						CreatedOnToolsVersion = 14.3;
					};
				};
			};
			buildConfigurationList = 2CBBA4C92A5D6DD400F10660 /* Build configuration list for PBXProject "HybridCalisthenics" */;
			compatibilityVersion = "Xcode 14.0";
			developmentRegion = en;
			hasScannedForEncodings = 0;
			knownRegions = (
				en,
				Base,
			);
			mainGroup = 2CBBA4C52A5D6DD400F10660;
			productRefGroup = 2CBBA4CF2A5D6DD400F10660 /* Products */;
			projectDirPath = "";
			projectRoot = "";
			targets = (
				2CBBA4CD2A5D6DD400F10660 /* HybridCalisthenics */,
			);
		};
/* End PBXProject section */

/* Begin PBXResourcesBuildPhase section */
		2CBBA4CC2A5D6DD400F10660 /* Resources */ = {
			isa = PBXResourcesBuildPhase;
			buildActionMask = 2147483647;
			files = (
				2CBBA4D92A5D6DD600F10660 /* Preview Assets.xcassets in Resources */,
				2CBBA4D62A5D6DD600F10660 /* Assets.xcassets in Resources */,
			);
			runOnlyForDeploymentPostprocessing = 0;
		};
/* End PBXResourcesBuildPhase section */

/* Begin PBXSourcesBuildPhase section */
		2CBBA4CA2A5D6DD400F10660 /* Sources */ = {
			isa = PBXSourcesBuildPhase;
			buildActionMask = 2147483647;
			files = (
				2CBBA4D42A5D6DD400F10660 /* ContentView.swift in Sources */,
				2CBBA4E82A5D70D800F10660 /* ExerciseRow.swift in Sources */,
				2CBBA4E42A5D6E5F00F10660 /* ReminderView.swift in Sources */,
				2CBBA4D22A5D6DD400F10660 /* HybridCalisthenicsApp.swift in Sources */,
				2CBBA4E62A5D708300F10660 /* RoutineView.swift in Sources */,
				2CBBA4E22A5D6E2A00F10660 /* WorkoutRoutineModel.swift in Sources */,
				2CBBA4E02A5D6DED00F10660 /* IntroView.swift in Sources */,
			);
			runOnlyForDeploymentPostprocessing = 0;
		};
/* End PBXSourcesBuildPhase section */

/* Begin XCBuildConfiguration section */
		2CBBA4DA2A5D6DD600F10660 /* Debug */ = {
			isa = XCBuildConfiguration;
			buildSettings = {
				ALWAYS_SEARCH_USER_PATHS = NO;
				CLANG_ANALYZER_NONNULL = YES;
				CLANG_ANALYZER_NUMBER_OBJECT_CONVERSION = YES_AGGRESSIVE;
				CLANG_CXX_LANGUAGE_STANDARD = "gnu++20";
				CLANG_ENABLE_MODULES = YES;
				CLANG_ENABLE_OBJC_ARC = YES;
				CLANG_ENABLE_OBJC_WEAK = YES;
				CLANG_WARN_BLOCK_CAPTURE_AUTORELEASING = YES;
				CLANG_WARN_BOOL_CONVERSION = YES;
				CLANG_WARN_COMMA = YES;
				CLANG_WARN_CONSTANT_CONVERSION = YES;
				CLANG_WARN_DEPRECATED_OBJC_IMPLEMENTATIONS = YES;
				CLANG_WARN_DIRECT_OBJC_ISA_USAGE = YES_ERROR;
				CLANG_WARN_DOCUMENTATION_COMMENTS = YES;
				CLANG_WARN_EMPTY_BODY = YES;
				CLANG_WARN_ENUM_CONVERSION = YES;
				CLANG_WARN_INFINITE_RECURSION = YES;
				CLANG_WARN_INT_CONVERSION = YES;
				CLANG_WARN_NON_LITERAL_NULL_CONVERSION = YES;
				CLANG_WARN_OBJC_IMPLICIT_RETAIN_SELF = YES;
				CLANG_WARN_OBJC_LITERAL_CONVERSION = YES;
				CLANG_WARN_OBJC_ROOT_CLASS = YES_ERROR;
				CLANG_WARN_QUOTED_INCLUDE_IN_FRAMEWORK_HEADER = YES;
				CLANG_WARN_RANGE_LOOP_ANALYSIS = YES;
				CLANG_WARN_STRICT_PROTOTYPES = YES;
				CLANG_WARN_SUSPICIOUS_MOVE = YES;
				CLANG_WARN_UNGUARDED_AVAILABILITY = YES_AGGRESSIVE;
				CLANG_WARN_UNREACHABLE_CODE = YES;
				CLANG_WARN__DUPLICATE_METHOD_MATCH = YES;
				COPY_PHASE_STRIP = NO;
				DEBUG_INFORMATION_FORMAT = dwarf;
				ENABLE_STRICT_OBJC_MSGSEND = YES;
				ENABLE_TESTABILITY = YES;
				GCC_C_LANGUAGE_STANDARD = gnu11;
				GCC_DYNAMIC_NO_PIC = NO;
				GCC_NO_COMMON_BLOCKS = YES;
				GCC_OPTIMIZATION_LEVEL = 0;
				GCC_PREPROCESSOR_DEFINITIONS = (
					"DEBUG=1",
					"$(inherited)",
				);
				GCC_WARN_64_TO_32_BIT_CONVERSION = YES;
				GCC_WARN_ABOUT_RETURN_TYPE = YES_ERROR;
				GCC_WARN_UNDECLARED_SELECTOR = YES;
				GCC_WARN_UNINITIALIZED_AUTOS = YES_AGGRESSIVE;
				GCC_WARN_UNUSED_FUNCTION = YES;
				GCC_WARN_UNUSED_VARIABLE = YES;
				IPHONEOS_DEPLOYMENT_TARGET = 16.4;
				MTL_ENABLE_DEBUG_INFO = INCLUDE_SOURCE;
				MTL_FAST_MATH = YES;
				ONLY_ACTIVE_ARCH = YES;
				SDKROOT = iphoneos;
				SWIFT_ACTIVE_COMPILATION_CONDITIONS = DEBUG;
				SWIFT_OPTIMIZATION_LEVEL = "-Onone";
			};
			name = Debug;
		};
		2CBBA4DB2A5D6DD600F10660 /* Release */ = {
			isa = XCBuildConfiguration;
			buildSettings = {
				ALWAYS_SEARCH_USER_PATHS = NO;
				CLANG_ANALYZER_NONNULL = YES;
				CLANG_ANALYZER_NUMBER_OBJECT_CONVERSION = YES_AGGRESSIVE;
				CLANG_CXX_LANGUAGE_STANDARD = "gnu++20";
				CLANG_ENABLE_MODULES = YES;
				CLANG_ENABLE_OBJC_ARC = YES;
				CLANG_ENABLE_OBJC_WEAK = YES;
				CLANG_WARN_BLOCK_CAPTURE_AUTORELEASING = YES;
				CLANG_WARN_BOOL_CONVERSION = YES;
				CLANG_WARN_COMMA = YES;
				CLANG_WARN_CONSTANT_CONVERSION = YES;
				CLANG_WARN_DEPRECATED_OBJC_IMPLEMENTATIONS = YES;
				CLANG_WARN_DIRECT_OBJC_ISA_USAGE = YES_ERROR;
				CLANG_WARN_DOCUMENTATION_COMMENTS = YES;
				CLANG_WARN_EMPTY_BODY = YES;
				CLANG_WARN_ENUM_CONVERSION = YES;
				CLANG_WARN_INFINITE_RECURSION = YES;
				CLANG_WARN_INT_CONVERSION = YES;
				CLANG_WARN_NON_LITERAL_NULL_CONVERSION = YES;
				CLANG_WARN_OBJC_IMPLICIT_RETAIN_SELF = YES;
				CLANG_WARN_OBJC_LITERAL_CONVERSION = YES;
				CLANG_WARN_OBJC_ROOT_CLASS = YES_ERROR;
				CLANG_WARN_QUOTED_INCLUDE_IN_FRAMEWORK_HEADER = YES;
				CLANG_WARN_RANGE_LOOP_ANALYSIS = YES;
				CLANG_WARN_STRICT_PROTOTYPES = YES;
				CLANG_WARN_SUSPICIOUS_MOVE = YES;
				CLANG_WARN_UNGUARDED_AVAILABILITY = YES_AGGRESSIVE;
				CLANG_WARN_UNREACHABLE_CODE = YES;
				CLANG_WARN__DUPLICATE_METHOD_MATCH = YES;
				COPY_PHASE_STRIP = NO;
				DEBUG_INFORMATION_FORMAT = "dwarf-with-dsym";
				ENABLE_NS_ASSERTIONS = NO;
				ENABLE_STRICT_OBJC_MSGSEND = YES;
				GCC_C_LANGUAGE_STANDARD = gnu11;
				GCC_NO_COMMON_BLOCKS = YES;
				GCC_WARN_64_TO_32_BIT_CONVERSION = YES;
				GCC_WARN_ABOUT_RETURN_TYPE = YES_ERROR;
				GCC_WARN_UNDECLARED_SELECTOR = YES;
				GCC_WARN_UNINITIALIZED_AUTOS = YES_AGGRESSIVE;
				GCC_WARN_UNUSED_FUNCTION = YES;
				GCC_WARN_UNUSED_VARIABLE = YES;
				IPHONEOS_DEPLOYMENT_TARGET = 16.4;
				MTL_ENABLE_DEBUG_INFO = NO;
				MTL_FAST_MATH = YES;
				SDKROOT = iphoneos;
				SWIFT_COMPILATION_MODE = wholemodule;
				SWIFT_OPTIMIZATION_LEVEL = "-O";
				VALIDATE_PRODUCT = YES;
			};
			name = Release;
		};
		2CBBA4DD2A5D6DD600F10660 /* Debug */ = {
			isa = XCBuildConfiguration;
			buildSettings = {
				ASSETCATALOG_COMPILER_APPICON_NAME = AppIcon;
				ASSETCATALOG_COMPILER_GLOBAL_ACCENT_COLOR_NAME = AccentColor;
				CODE_SIGN_STYLE = Automatic;
				CURRENT_PROJECT_VERSION = 1;
				DEVELOPMENT_ASSET_PATHS = "\"HybridCalisthenics/Preview Content\"";
				DEVELOPMENT_TEAM = 5H94SXB38X;
				ENABLE_PREVIEWS = YES;
				GENERATE_INFOPLIST_FILE = YES;
				INFOPLIST_KEY_UIApplicationSceneManifest_Generation = YES;
				INFOPLIST_KEY_UIApplicationSupportsIndirectInputEvents = YES;
				INFOPLIST_KEY_UILaunchScreen_Generation = YES;
				INFOPLIST_KEY_UISupportedInterfaceOrientations_iPad = "UIInterfaceOrientationPortrait UIInterfaceOrientationPortraitUpsideDown UIInterfaceOrientationLandscapeLeft UIInterfaceOrientationLandscapeRight";
				INFOPLIST_KEY_UISupportedInterfaceOrientations_iPhone = "UIInterfaceOrientationPortrait UIInterfaceOrientationLandscapeLeft UIInterfaceOrientationLandscapeRight";
				IPHONEOS_DEPLOYMENT_TARGET = 15.0;
				LD_RUNPATH_SEARCH_PATHS = (
					"$(inherited)",
					"@executable_path/Frameworks",
				);
				MARKETING_VERSION = 1.0;
				PRODUCT_BUNDLE_IDENTIFIER = com.ivantrj.HybridCalisthenics;
				PRODUCT_NAME = "$(TARGET_NAME)";
				SWIFT_EMIT_LOC_STRINGS = YES;
				SWIFT_VERSION = 5.0;
				TARGETED_DEVICE_FAMILY = "1,2";
			};
			name = Debug;
		};
		2CBBA4DE2A5D6DD600F10660 /* Release */ = {
			isa = XCBuildConfiguration;
			buildSettings = {
				ASSETCATALOG_COMPILER_APPICON_NAME = AppIcon;
				ASSETCATALOG_COMPILER_GLOBAL_ACCENT_COLOR_NAME = AccentColor;
				CODE_SIGN_STYLE = Automatic;
				CURRENT_PROJECT_VERSION = 1;
				DEVELOPMENT_ASSET_PATHS = "\"HybridCalisthenics/Preview Content\"";
				DEVELOPMENT_TEAM = 5H94SXB38X;
				ENABLE_PREVIEWS = YES;
				GENERATE_INFOPLIST_FILE = YES;
				INFOPLIST_KEY_UIApplicationSceneManifest_Generation = YES;
				INFOPLIST_KEY_UIApplicationSupportsIndirectInputEvents = YES;
				INFOPLIST_KEY_UILaunchScreen_Generation = YES;
				INFOPLIST_KEY_UISupportedInterfaceOrientations_iPad = "UIInterfaceOrientationPortrait UIInterfaceOrientationPortraitUpsideDown UIInterfaceOrientationLandscapeLeft UIInterfaceOrientationLandscapeRight";
				INFOPLIST_KEY_UISupportedInterfaceOrientations_iPhone = "UIInterfaceOrientationPortrait UIInterfaceOrientationLandscapeLeft UIInterfaceOrientationLandscapeRight";
				IPHONEOS_DEPLOYMENT_TARGET = 15.0;
				LD_RUNPATH_SEARCH_PATHS = (
					"$(inherited)",
					"@executable_path/Frameworks",
				);
				MARKETING_VERSION = 1.0;
				PRODUCT_BUNDLE_IDENTIFIER = com.ivantrj.HybridCalisthenics;
				PRODUCT_NAME = "$(TARGET_NAME)";
				SWIFT_EMIT_LOC_STRINGS = YES;
				SWIFT_VERSION = 5.0;
				TARGETED_DEVICE_FAMILY = "1,2";
			};
			name = Release;
		};
/* End XCBuildConfiguration section */

/* Begin XCConfigurationList section */
		2CBBA4C92A5D6DD400F10660 /* Build configuration list for PBXProject "HybridCalisthenics" */ = {
			isa = XCConfigurationList;
			buildConfigurations = (
				2CBBA4DA2A5D6DD600F10660 /* Debug */,
				2CBBA4DB2A5D6DD600F10660 /* Release */,
			);
			defaultConfigurationIsVisible = 0;
			defaultConfigurationName = Release;
		};
		2CBBA4DC2A5D6DD600F10660 /* Build configuration list for PBXNativeTarget "HybridCalisthenics" */ = {
			isa = XCConfigurationList;
			buildConfigurations = (
				2CBBA4DD2A5D6DD600F10660 /* Debug */,
				2CBBA4DE2A5D6DD600F10660 /* Release */,
			);
			defaultConfigurationIsVisible = 0;
			defaultConfigurationName = Release;
		};
/* End XCConfigurationList section */
	};
	rootObject = 2CBBA4C62A5D6DD400F10660 /* Project object */;
}
